// !$*UTF8*$!
{
	archiveVersion = 1;
	classes = {
	};
	objectVersion = 56;
	objects = {

/* Begin PBXBuildFile section */
		80CF10D329B5DD2A00C8B741 /* FavoritesViewModel.swift in Sources */ = {isa = PBXBuildFile; fileRef = 80CF10D229B5DD2A00C8B741 /* FavoritesViewModel.swift */; };
		80CF10D529B5DF3C00C8B741 /* ArticleEntityExtensions.swift in Sources */ = {isa = PBXBuildFile; fileRef = 80CF10D429B5DF3C00C8B741 /* ArticleEntityExtensions.swift */; };
		80CF10D729B5E30E00C8B741 /* ArticleCollectionViewCell.swift in Sources */ = {isa = PBXBuildFile; fileRef = 80CF10D629B5E30E00C8B741 /* ArticleCollectionViewCell.swift */; };
		80D52B7829B47175008D00EE /* NewsViewModel.swift in Sources */ = {isa = PBXBuildFile; fileRef = 80D52B7729B47175008D00EE /* NewsViewModel.swift */; };
		80D52B7A29B471FA008D00EE /* NewsSource.swift in Sources */ = {isa = PBXBuildFile; fileRef = 80D52B7929B471FA008D00EE /* NewsSource.swift */; };
		80D52B7C29B47221008D00EE /* Article.swift in Sources */ = {isa = PBXBuildFile; fileRef = 80D52B7B29B47221008D00EE /* Article.swift */; };
		80D52B7E29B475B2008D00EE /* UIViewControllerExtensions.swift in Sources */ = {isa = PBXBuildFile; fileRef = 80D52B7D29B475B2008D00EE /* UIViewControllerExtensions.swift */; };
		80D52B8029B47996008D00EE /* ArticleTableViewCell.swift in Sources */ = {isa = PBXBuildFile; fileRef = 80D52B7F29B47996008D00EE /* ArticleTableViewCell.swift */; };
		80D52B8329B490D0008D00EE /* ArticleViewController.swift in Sources */ = {isa = PBXBuildFile; fileRef = 80D52B8229B490D0008D00EE /* ArticleViewController.swift */; };
		80D52B8529B506BC008D00EE /* NewsAppStorageProtocol.swift in Sources */ = {isa = PBXBuildFile; fileRef = 80D52B8429B506BC008D00EE /* NewsAppStorageProtocol.swift */; };
		80D52B8729B50764008D00EE /* CoreDataNewsAppStorage.swift in Sources */ = {isa = PBXBuildFile; fileRef = 80D52B8629B50764008D00EE /* CoreDataNewsAppStorage.swift */; };
		80D52B8929B50B2A008D00EE /* ArticleViewModel.swift in Sources */ = {isa = PBXBuildFile; fileRef = 80D52B8829B50B2A008D00EE /* ArticleViewModel.swift */; };
		80D9B18929B667FE00860688 /* RegistrationViewController.swift in Sources */ = {isa = PBXBuildFile; fileRef = 80D9B18829B667FE00860688 /* RegistrationViewController.swift */; };
		80D9B18B29B668E100860688 /* RegistrationViewModel.swift in Sources */ = {isa = PBXBuildFile; fileRef = 80D9B18A29B668E100860688 /* RegistrationViewModel.swift */; };
		80D9B18E29B67C4E00860688 /* ResetPasswordViewController.swift in Sources */ = {isa = PBXBuildFile; fileRef = 80D9B18D29B67C4E00860688 /* ResetPasswordViewController.swift */; };
		80D9B19029B67DED00860688 /* ResetPasswordViewModel.swift in Sources */ = {isa = PBXBuildFile; fileRef = 80D9B18F29B67DED00860688 /* ResetPasswordViewModel.swift */; };
		80E4327B29B35EC2006CEBEE /* AppDelegate.swift in Sources */ = {isa = PBXBuildFile; fileRef = 80E4327A29B35EC2006CEBEE /* AppDelegate.swift */; };
		80E4328529B35EC2006CEBEE /* NewsApp.xcdatamodeld in Sources */ = {isa = PBXBuildFile; fileRef = 80E4328329B35EC2006CEBEE /* NewsApp.xcdatamodeld */; };
		80E4328729B35EC4006CEBEE /* Assets.xcassets in Resources */ = {isa = PBXBuildFile; fileRef = 80E4328629B35EC4006CEBEE /* Assets.xcassets */; };
		80E4329629B363F6006CEBEE /* NewsApiProtocol.swift in Sources */ = {isa = PBXBuildFile; fileRef = 80E4329529B363F6006CEBEE /* NewsApiProtocol.swift */; };
		80E4329929B367E1006CEBEE /* NewsApi.swift in Sources */ = {isa = PBXBuildFile; fileRef = 80E4329829B367E1006CEBEE /* NewsApi.swift */; };
		80E4329C29B36E47006CEBEE /* DateExtensions.swift in Sources */ = {isa = PBXBuildFile; fileRef = 80E4329B29B36E47006CEBEE /* DateExtensions.swift */; };
		80E432A229B37E78006CEBEE /* NewsViewController.swift in Sources */ = {isa = PBXBuildFile; fileRef = 80E432A129B37E78006CEBEE /* NewsViewController.swift */; };
		80E432A529B37F6D006CEBEE /* SnapKit in Frameworks */ = {isa = PBXBuildFile; productRef = 80E432A429B37F6D006CEBEE /* SnapKit */; };
		80E432A729B38161006CEBEE /* MapViewController.swift in Sources */ = {isa = PBXBuildFile; fileRef = 80E432A629B38161006CEBEE /* MapViewController.swift */; };
		80E432A929B3819B006CEBEE /* FavoritesViewController.swift in Sources */ = {isa = PBXBuildFile; fileRef = 80E432A829B3819B006CEBEE /* FavoritesViewController.swift */; };
		80E432AB29B381CB006CEBEE /* ProfileViewController.swift in Sources */ = {isa = PBXBuildFile; fileRef = 80E432AA29B381CB006CEBEE /* ProfileViewController.swift */; };
		80E432AD29B383AA006CEBEE /* Colors.swift in Sources */ = {isa = PBXBuildFile; fileRef = 80E432AC29B383AA006CEBEE /* Colors.swift */; };
		80E432AF29B38AF0006CEBEE /* Strings.swift in Sources */ = {isa = PBXBuildFile; fileRef = 80E432AE29B38AF0006CEBEE /* Strings.swift */; };
		80E432B229B39BB7006CEBEE /* LoginViewController.swift in Sources */ = {isa = PBXBuildFile; fileRef = 80E432B129B39BB7006CEBEE /* LoginViewController.swift */; };
		80E432B429B3AD46006CEBEE /* TextFieldWithPadding.swift in Sources */ = {isa = PBXBuildFile; fileRef = 80E432B329B3AD46006CEBEE /* TextFieldWithPadding.swift */; };
		80E432B729B3B10B006CEBEE /* Fonts.swift in Sources */ = {isa = PBXBuildFile; fileRef = 80E432B629B3B10B006CEBEE /* Fonts.swift */; };
		80E432BC29B3BB39006CEBEE /* LoginViewModel.swift in Sources */ = {isa = PBXBuildFile; fileRef = 80E432BB29B3BB39006CEBEE /* LoginViewModel.swift */; };
		80E432BE29B3C101006CEBEE /* StringExtensions.swift in Sources */ = {isa = PBXBuildFile; fileRef = 80E432BD29B3C101006CEBEE /* StringExtensions.swift */; };
		80E432C029B3C1A1006CEBEE /* AuthorizerProtocol.swift in Sources */ = {isa = PBXBuildFile; fileRef = 80E432BF29B3C1A1006CEBEE /* AuthorizerProtocol.swift */; };
		80E432C329B3C1FF006CEBEE /* Authorizer.swift in Sources */ = {isa = PBXBuildFile; fileRef = 80E432C229B3C1FF006CEBEE /* Authorizer.swift */; };
		80E432C529B3C6C9006CEBEE /* ViewFactoryProtocol.swift in Sources */ = {isa = PBXBuildFile; fileRef = 80E432C429B3C6C9006CEBEE /* ViewFactoryProtocol.swift */; };
/* End PBXBuildFile section */

/* Begin PBXFileReference section */
		80CF10D229B5DD2A00C8B741 /* FavoritesViewModel.swift */ = {isa = PBXFileReference; lastKnownFileType = sourcecode.swift; path = FavoritesViewModel.swift; sourceTree = "<group>"; };
		80CF10D429B5DF3C00C8B741 /* ArticleEntityExtensions.swift */ = {isa = PBXFileReference; lastKnownFileType = sourcecode.swift; path = ArticleEntityExtensions.swift; sourceTree = "<group>"; };
		80CF10D629B5E30E00C8B741 /* ArticleCollectionViewCell.swift */ = {isa = PBXFileReference; lastKnownFileType = sourcecode.swift; path = ArticleCollectionViewCell.swift; sourceTree = "<group>"; };
		80D52B7729B47175008D00EE /* NewsViewModel.swift */ = {isa = PBXFileReference; lastKnownFileType = sourcecode.swift; path = NewsViewModel.swift; sourceTree = "<group>"; };
		80D52B7929B471FA008D00EE /* NewsSource.swift */ = {isa = PBXFileReference; lastKnownFileType = sourcecode.swift; path = NewsSource.swift; sourceTree = "<group>"; };
		80D52B7B29B47221008D00EE /* Article.swift */ = {isa = PBXFileReference; lastKnownFileType = sourcecode.swift; path = Article.swift; sourceTree = "<group>"; };
		80D52B7D29B475B2008D00EE /* UIViewControllerExtensions.swift */ = {isa = PBXFileReference; lastKnownFileType = sourcecode.swift; path = UIViewControllerExtensions.swift; sourceTree = "<group>"; };
		80D52B7F29B47996008D00EE /* ArticleTableViewCell.swift */ = {isa = PBXFileReference; lastKnownFileType = sourcecode.swift; path = ArticleTableViewCell.swift; sourceTree = "<group>"; };
		80D52B8229B490D0008D00EE /* ArticleViewController.swift */ = {isa = PBXFileReference; lastKnownFileType = sourcecode.swift; path = ArticleViewController.swift; sourceTree = "<group>"; };
		80D52B8429B506BC008D00EE /* NewsAppStorageProtocol.swift */ = {isa = PBXFileReference; lastKnownFileType = sourcecode.swift; path = NewsAppStorageProtocol.swift; sourceTree = "<group>"; };
		80D52B8629B50764008D00EE /* CoreDataNewsAppStorage.swift */ = {isa = PBXFileReference; lastKnownFileType = sourcecode.swift; path = CoreDataNewsAppStorage.swift; sourceTree = "<group>"; };
		80D52B8829B50B2A008D00EE /* ArticleViewModel.swift */ = {isa = PBXFileReference; lastKnownFileType = sourcecode.swift; path = ArticleViewModel.swift; sourceTree = "<group>"; };
		80D9B18829B667FE00860688 /* RegistrationViewController.swift */ = {isa = PBXFileReference; lastKnownFileType = sourcecode.swift; path = RegistrationViewController.swift; sourceTree = "<group>"; };
		80D9B18A29B668E100860688 /* RegistrationViewModel.swift */ = {isa = PBXFileReference; lastKnownFileType = sourcecode.swift; path = RegistrationViewModel.swift; sourceTree = "<group>"; };
		80D9B18D29B67C4E00860688 /* ResetPasswordViewController.swift */ = {isa = PBXFileReference; lastKnownFileType = sourcecode.swift; path = ResetPasswordViewController.swift; sourceTree = "<group>"; };
		80D9B18F29B67DED00860688 /* ResetPasswordViewModel.swift */ = {isa = PBXFileReference; lastKnownFileType = sourcecode.swift; path = ResetPasswordViewModel.swift; sourceTree = "<group>"; };
		80E4327729B35EC2006CEBEE /* NewsApp.app */ = {isa = PBXFileReference; explicitFileType = wrapper.application; includeInIndex = 0; path = NewsApp.app; sourceTree = BUILT_PRODUCTS_DIR; };
		80E4327A29B35EC2006CEBEE /* AppDelegate.swift */ = {isa = PBXFileReference; lastKnownFileType = sourcecode.swift; path = AppDelegate.swift; sourceTree = "<group>"; };
		80E4328429B35EC2006CEBEE /* NewsApp.xcdatamodel */ = {isa = PBXFileReference; lastKnownFileType = wrapper.xcdatamodel; path = NewsApp.xcdatamodel; sourceTree = "<group>"; };
		80E4328629B35EC4006CEBEE /* Assets.xcassets */ = {isa = PBXFileReference; lastKnownFileType = folder.assetcatalog; path = Assets.xcassets; sourceTree = "<group>"; };
		80E4328B29B35EC4006CEBEE /* Info.plist */ = {isa = PBXFileReference; lastKnownFileType = text.plist.xml; path = Info.plist; sourceTree = "<group>"; };
		80E4329529B363F6006CEBEE /* NewsApiProtocol.swift */ = {isa = PBXFileReference; lastKnownFileType = sourcecode.swift; path = NewsApiProtocol.swift; sourceTree = "<group>"; };
		80E4329829B367E1006CEBEE /* NewsApi.swift */ = {isa = PBXFileReference; lastKnownFileType = sourcecode.swift; path = NewsApi.swift; sourceTree = "<group>"; };
		80E4329B29B36E47006CEBEE /* DateExtensions.swift */ = {isa = PBXFileReference; lastKnownFileType = sourcecode.swift; path = DateExtensions.swift; sourceTree = "<group>"; };
		80E432A129B37E78006CEBEE /* NewsViewController.swift */ = {isa = PBXFileReference; lastKnownFileType = sourcecode.swift; path = NewsViewController.swift; sourceTree = "<group>"; };
		80E432A629B38161006CEBEE /* MapViewController.swift */ = {isa = PBXFileReference; lastKnownFileType = sourcecode.swift; path = MapViewController.swift; sourceTree = "<group>"; };
		80E432A829B3819B006CEBEE /* FavoritesViewController.swift */ = {isa = PBXFileReference; lastKnownFileType = sourcecode.swift; path = FavoritesViewController.swift; sourceTree = "<group>"; };
		80E432AA29B381CB006CEBEE /* ProfileViewController.swift */ = {isa = PBXFileReference; lastKnownFileType = sourcecode.swift; path = ProfileViewController.swift; sourceTree = "<group>"; };
		80E432AC29B383AA006CEBEE /* Colors.swift */ = {isa = PBXFileReference; lastKnownFileType = sourcecode.swift; path = Colors.swift; sourceTree = "<group>"; };
		80E432AE29B38AF0006CEBEE /* Strings.swift */ = {isa = PBXFileReference; lastKnownFileType = sourcecode.swift; path = Strings.swift; sourceTree = "<group>"; };
		80E432B129B39BB7006CEBEE /* LoginViewController.swift */ = {isa = PBXFileReference; lastKnownFileType = sourcecode.swift; path = LoginViewController.swift; sourceTree = "<group>"; };
		80E432B329B3AD46006CEBEE /* TextFieldWithPadding.swift */ = {isa = PBXFileReference; lastKnownFileType = sourcecode.swift; path = TextFieldWithPadding.swift; sourceTree = "<group>"; };
		80E432B629B3B10B006CEBEE /* Fonts.swift */ = {isa = PBXFileReference; lastKnownFileType = sourcecode.swift; path = Fonts.swift; sourceTree = "<group>"; };
		80E432BB29B3BB39006CEBEE /* LoginViewModel.swift */ = {isa = PBXFileReference; lastKnownFileType = sourcecode.swift; path = LoginViewModel.swift; sourceTree = "<group>"; };
		80E432BD29B3C101006CEBEE /* StringExtensions.swift */ = {isa = PBXFileReference; lastKnownFileType = sourcecode.swift; path = StringExtensions.swift; sourceTree = "<group>"; };
		80E432BF29B3C1A1006CEBEE /* AuthorizerProtocol.swift */ = {isa = PBXFileReference; lastKnownFileType = sourcecode.swift; path = AuthorizerProtocol.swift; sourceTree = "<group>"; };
		80E432C229B3C1FF006CEBEE /* Authorizer.swift */ = {isa = PBXFileReference; lastKnownFileType = sourcecode.swift; path = Authorizer.swift; sourceTree = "<group>"; };
		80E432C429B3C6C9006CEBEE /* ViewFactoryProtocol.swift */ = {isa = PBXFileReference; lastKnownFileType = sourcecode.swift; path = ViewFactoryProtocol.swift; sourceTree = "<group>"; };
/* End PBXFileReference section */

/* Begin PBXFrameworksBuildPhase section */
		80E4327429B35EC2006CEBEE /* Frameworks */ = {
			isa = PBXFrameworksBuildPhase;
			buildActionMask = 2147483647;
			files = (
				80E432A529B37F6D006CEBEE /* SnapKit in Frameworks */,
			);
			runOnlyForDeploymentPostprocessing = 0;
		};
/* End PBXFrameworksBuildPhase section */

/* Begin PBXGroup section */
		80D52B8129B490AF008D00EE /* ArticleScreen */ = {
			isa = PBXGroup;
			children = (
				80D52B8229B490D0008D00EE /* ArticleViewController.swift */,
			);
			path = ArticleScreen;
			sourceTree = "<group>";
		};
		80D9B18729B667CA00860688 /* RegistrationScreen */ = {
			isa = PBXGroup;
			children = (
				80D9B18829B667FE00860688 /* RegistrationViewController.swift */,
				80D9B18A29B668E100860688 /* RegistrationViewModel.swift */,
			);
			path = RegistrationScreen;
			sourceTree = "<group>";
		};
		80D9B18C29B67C2900860688 /* ResetPasswordScreen */ = {
			isa = PBXGroup;
			children = (
				80D9B18D29B67C4E00860688 /* ResetPasswordViewController.swift */,
				80D9B18F29B67DED00860688 /* ResetPasswordViewModel.swift */,
			);
			path = ResetPasswordScreen;
			sourceTree = "<group>";
		};
		80E4326E29B35EC2006CEBEE = {
			isa = PBXGroup;
			children = (
				80E4327929B35EC2006CEBEE /* NewsApp */,
				80E4327829B35EC2006CEBEE /* Products */,
			);
			sourceTree = "<group>";
		};
		80E4327829B35EC2006CEBEE /* Products */ = {
			isa = PBXGroup;
			children = (
				80E4327729B35EC2006CEBEE /* NewsApp.app */,
			);
			name = Products;
			sourceTree = "<group>";
		};
		80E4327929B35EC2006CEBEE /* NewsApp */ = {
			isa = PBXGroup;
			children = (
				80E4329A29B36E09006CEBEE /* Extensions */,
				80E4329129B3604D006CEBEE /* Model */,
				80E4329329B36077006CEBEE /* Views */,
				80E4327A29B35EC2006CEBEE /* AppDelegate.swift */,
				80E4328629B35EC4006CEBEE /* Assets.xcassets */,
				80E4328B29B35EC4006CEBEE /* Info.plist */,
			);
			path = NewsApp;
			sourceTree = "<group>";
		};
		80E4329129B3604D006CEBEE /* Model */ = {
			isa = PBXGroup;
			children = (
				80E432C129B3C1E4006CEBEE /* Authorization */,
				80E4329429B363C6006CEBEE /* Network */,
				80E4329229B36054006CEBEE /* Storage */,
			);
			path = Model;
			sourceTree = "<group>";
		};
		80E4329229B36054006CEBEE /* Storage */ = {
			isa = PBXGroup;
			children = (
				80E4328329B35EC2006CEBEE /* NewsApp.xcdatamodeld */,
				80D52B8429B506BC008D00EE /* NewsAppStorageProtocol.swift */,
				80D52B8629B50764008D00EE /* CoreDataNewsAppStorage.swift */,
				80CF10D429B5DF3C00C8B741 /* ArticleEntityExtensions.swift */,
			);
			path = Storage;
			sourceTree = "<group>";
		};
		80E4329329B36077006CEBEE /* Views */ = {
			isa = PBXGroup;
			children = (
				80E432B529B3B0E0006CEBEE /* Controls */,
				80E432B829B3BAFD006CEBEE /* Screens */,
				80E432AC29B383AA006CEBEE /* Colors.swift */,
				80E432AE29B38AF0006CEBEE /* Strings.swift */,
				80E432B629B3B10B006CEBEE /* Fonts.swift */,
				80E432C429B3C6C9006CEBEE /* ViewFactoryProtocol.swift */,
			);
			path = Views;
			sourceTree = "<group>";
		};
		80E4329429B363C6006CEBEE /* Network */ = {
			isa = PBXGroup;
			children = (
				80E4329729B3649A006CEBEE /* News */,
				80E4329529B363F6006CEBEE /* NewsApiProtocol.swift */,
				80E4329829B367E1006CEBEE /* NewsApi.swift */,
			);
			path = Network;
			sourceTree = "<group>";
		};
		80E4329729B3649A006CEBEE /* News */ = {
			isa = PBXGroup;
			children = (
				80D52B7929B471FA008D00EE /* NewsSource.swift */,
				80D52B7B29B47221008D00EE /* Article.swift */,
			);
			path = News;
			sourceTree = "<group>";
		};
		80E4329A29B36E09006CEBEE /* Extensions */ = {
			isa = PBXGroup;
			children = (
				80E4329B29B36E47006CEBEE /* DateExtensions.swift */,
				80E432BD29B3C101006CEBEE /* StringExtensions.swift */,
				80D52B7D29B475B2008D00EE /* UIViewControllerExtensions.swift */,
			);
			path = Extensions;
			sourceTree = "<group>";
		};
		80E4329D29B37D6C006CEBEE /* NewsScreen */ = {
			isa = PBXGroup;
			children = (
				80D52B8129B490AF008D00EE /* ArticleScreen */,
				80E432A129B37E78006CEBEE /* NewsViewController.swift */,
				80D52B7729B47175008D00EE /* NewsViewModel.swift */,
				80D52B7F29B47996008D00EE /* ArticleTableViewCell.swift */,
				80D52B8829B50B2A008D00EE /* ArticleViewModel.swift */,
			);
			path = NewsScreen;
			sourceTree = "<group>";
		};
		80E4329E29B37E3A006CEBEE /* MapScreen */ = {
			isa = PBXGroup;
			children = (
				80E432A629B38161006CEBEE /* MapViewController.swift */,
			);
			path = MapScreen;
			sourceTree = "<group>";
		};
		80E4329F29B37E3F006CEBEE /* FavoritesScreen */ = {
			isa = PBXGroup;
			children = (
				80E432A829B3819B006CEBEE /* FavoritesViewController.swift */,
				80CF10D229B5DD2A00C8B741 /* FavoritesViewModel.swift */,
				80CF10D629B5E30E00C8B741 /* ArticleCollectionViewCell.swift */,
			);
			path = FavoritesScreen;
			sourceTree = "<group>";
		};
		80E432A029B37E46006CEBEE /* ProfileScreen */ = {
			isa = PBXGroup;
			children = (
				80E432AA29B381CB006CEBEE /* ProfileViewController.swift */,
			);
			path = ProfileScreen;
			sourceTree = "<group>";
		};
		80E432B029B39B75006CEBEE /* LoginScreen */ = {
			isa = PBXGroup;
			children = (
				80E432B129B39BB7006CEBEE /* LoginViewController.swift */,
				80E432BB29B3BB39006CEBEE /* LoginViewModel.swift */,
			);
			path = LoginScreen;
			sourceTree = "<group>";
		};
		80E432B529B3B0E0006CEBEE /* Controls */ = {
			isa = PBXGroup;
			children = (
				80E432B329B3AD46006CEBEE /* TextFieldWithPadding.swift */,
			);
			path = Controls;
			sourceTree = "<group>";
		};
		80E432B829B3BAFD006CEBEE /* Screens */ = {
			isa = PBXGroup;
			children = (
				80E432BA29B3BB0B006CEBEE /* Other */,
				80E432B929B3BB05006CEBEE /* TabBar */,
			);
			path = Screens;
			sourceTree = "<group>";
		};
		80E432B929B3BB05006CEBEE /* TabBar */ = {
			isa = PBXGroup;
			children = (
				80E4329D29B37D6C006CEBEE /* NewsScreen */,
				80E4329E29B37E3A006CEBEE /* MapScreen */,
				80E4329F29B37E3F006CEBEE /* FavoritesScreen */,
				80E432A029B37E46006CEBEE /* ProfileScreen */,
			);
			path = TabBar;
			sourceTree = "<group>";
		};
		80E432BA29B3BB0B006CEBEE /* Other */ = {
			isa = PBXGroup;
			children = (
				80E432B029B39B75006CEBEE /* LoginScreen */,
				80D9B18729B667CA00860688 /* RegistrationScreen */,
				80D9B18C29B67C2900860688 /* ResetPasswordScreen */,
			);
			path = Other;
			sourceTree = "<group>";
		};
		80E432C129B3C1E4006CEBEE /* Authorization */ = {
			isa = PBXGroup;
			children = (
				80E432BF29B3C1A1006CEBEE /* AuthorizerProtocol.swift */,
				80E432C229B3C1FF006CEBEE /* Authorizer.swift */,
			);
			path = Authorization;
			sourceTree = "<group>";
		};
/* End PBXGroup section */

/* Begin PBXNativeTarget section */
		80E4327629B35EC2006CEBEE /* NewsApp */ = {
			isa = PBXNativeTarget;
			buildConfigurationList = 80E4328E29B35EC4006CEBEE /* Build configuration list for PBXNativeTarget "NewsApp" */;
			buildPhases = (
				80E4327329B35EC2006CEBEE /* Sources */,
				80E4327429B35EC2006CEBEE /* Frameworks */,
				80E4327529B35EC2006CEBEE /* Resources */,
			);
			buildRules = (
			);
			dependencies = (
			);
			name = NewsApp;
			packageProductDependencies = (
				80E432A429B37F6D006CEBEE /* SnapKit */,
			);
			productName = NewsApp;
			productReference = 80E4327729B35EC2006CEBEE /* NewsApp.app */;
			productType = "com.apple.product-type.application";
		};
/* End PBXNativeTarget section */

/* Begin PBXProject section */
		80E4326F29B35EC2006CEBEE /* Project object */ = {
			isa = PBXProject;
			attributes = {
				BuildIndependentTargetsInParallel = 1;
				LastSwiftUpdateCheck = 1420;
				LastUpgradeCheck = 1420;
				TargetAttributes = {
					80E4327629B35EC2006CEBEE = {
						CreatedOnToolsVersion = 14.2;
					};
				};
			};
			buildConfigurationList = 80E4327229B35EC2006CEBEE /* Build configuration list for PBXProject "NewsApp" */;
			compatibilityVersion = "Xcode 14.0";
			developmentRegion = en;
			hasScannedForEncodings = 0;
			knownRegions = (
				en,
				Base,
			);
			mainGroup = 80E4326E29B35EC2006CEBEE;
			packageReferences = (
				80E432A329B37F6D006CEBEE /* XCRemoteSwiftPackageReference "SnapKit" */,
			);
			productRefGroup = 80E4327829B35EC2006CEBEE /* Products */;
			projectDirPath = "";
			projectRoot = "";
			targets = (
				80E4327629B35EC2006CEBEE /* NewsApp */,
			);
		};
/* End PBXProject section */

/* Begin PBXResourcesBuildPhase section */
		80E4327529B35EC2006CEBEE /* Resources */ = {
			isa = PBXResourcesBuildPhase;
			buildActionMask = 2147483647;
			files = (
				80E4328729B35EC4006CEBEE /* Assets.xcassets in Resources */,
			);
			runOnlyForDeploymentPostprocessing = 0;
		};
/* End PBXResourcesBuildPhase section */

/* Begin PBXSourcesBuildPhase section */
		80E4327329B35EC2006CEBEE /* Sources */ = {
			isa = PBXSourcesBuildPhase;
			buildActionMask = 2147483647;
			files = (
				80CF10D329B5DD2A00C8B741 /* FavoritesViewModel.swift in Sources */,
				80D9B18B29B668E100860688 /* RegistrationViewModel.swift in Sources */,
				80D52B7C29B47221008D00EE /* Article.swift in Sources */,
				80E432B729B3B10B006CEBEE /* Fonts.swift in Sources */,
				80D52B8029B47996008D00EE /* ArticleTableViewCell.swift in Sources */,
				80E432B229B39BB7006CEBEE /* LoginViewController.swift in Sources */,
				80D52B7A29B471FA008D00EE /* NewsSource.swift in Sources */,
				80E432AD29B383AA006CEBEE /* Colors.swift in Sources */,
				80CF10D729B5E30E00C8B741 /* ArticleCollectionViewCell.swift in Sources */,
				80E432A929B3819B006CEBEE /* FavoritesViewController.swift in Sources */,
				80E432C029B3C1A1006CEBEE /* AuthorizerProtocol.swift in Sources */,
				80D9B18929B667FE00860688 /* RegistrationViewController.swift in Sources */,
				80E432C529B3C6C9006CEBEE /* ViewFactoryProtocol.swift in Sources */,
				80D52B8729B50764008D00EE /* CoreDataNewsAppStorage.swift in Sources */,
				80E432AB29B381CB006CEBEE /* ProfileViewController.swift in Sources */,
				80D52B7829B47175008D00EE /* NewsViewModel.swift in Sources */,
				80D52B8929B50B2A008D00EE /* ArticleViewModel.swift in Sources */,
				80E432B429B3AD46006CEBEE /* TextFieldWithPadding.swift in Sources */,
				80D52B8329B490D0008D00EE /* ArticleViewController.swift in Sources */,
				80D9B18E29B67C4E00860688 /* ResetPasswordViewController.swift in Sources */,
				80D9B19029B67DED00860688 /* ResetPasswordViewModel.swift in Sources */,
				80E4329C29B36E47006CEBEE /* DateExtensions.swift in Sources */,
				80D52B8529B506BC008D00EE /* NewsAppStorageProtocol.swift in Sources */,
				80E4329929B367E1006CEBEE /* NewsApi.swift in Sources */,
				80E432BE29B3C101006CEBEE /* StringExtensions.swift in Sources */,
				80E432BC29B3BB39006CEBEE /* LoginViewModel.swift in Sources */,
				80E4329629B363F6006CEBEE /* NewsApiProtocol.swift in Sources */,
				80E432A229B37E78006CEBEE /* NewsViewController.swift in Sources */,
				80E4327B29B35EC2006CEBEE /* AppDelegate.swift in Sources */,
				80E4328529B35EC2006CEBEE /* NewsApp.xcdatamodeld in Sources */,
				80CF10D529B5DF3C00C8B741 /* ArticleEntityExtensions.swift in Sources */,
				80D52B7E29B475B2008D00EE /* UIViewControllerExtensions.swift in Sources */,
				80E432AF29B38AF0006CEBEE /* Strings.swift in Sources */,
				80E432C329B3C1FF006CEBEE /* Authorizer.swift in Sources */,
				80E432A729B38161006CEBEE /* MapViewController.swift in Sources */,
			);
			runOnlyForDeploymentPostprocessing = 0;
		};
/* End PBXSourcesBuildPhase section */

/* Begin XCBuildConfiguration section */
		80E4328C29B35EC4006CEBEE /* Debug */ = {
			isa = XCBuildConfiguration;
			buildSettings = {
				ALWAYS_SEARCH_USER_PATHS = NO;
				CLANG_ANALYZER_NONNULL = YES;
				CLANG_ANALYZER_NUMBER_OBJECT_CONVERSION = YES_AGGRESSIVE;
				CLANG_CXX_LANGUAGE_STANDARD = "gnu++20";
				CLANG_ENABLE_MODULES = YES;
				CLANG_ENABLE_OBJC_ARC = YES;
				CLANG_ENABLE_OBJC_WEAK = YES;
				CLANG_WARN_BLOCK_CAPTURE_AUTORELEASING = YES;
				CLANG_WARN_BOOL_CONVERSION = YES;
				CLANG_WARN_COMMA = YES;
				CLANG_WARN_CONSTANT_CONVERSION = YES;
				CLANG_WARN_DEPRECATED_OBJC_IMPLEMENTATIONS = YES;
				CLANG_WARN_DIRECT_OBJC_ISA_USAGE = YES_ERROR;
				CLANG_WARN_DOCUMENTATION_COMMENTS = YES;
				CLANG_WARN_EMPTY_BODY = YES;
				CLANG_WARN_ENUM_CONVERSION = YES;
				CLANG_WARN_INFINITE_RECURSION = YES;
				CLANG_WARN_INT_CONVERSION = YES;
				CLANG_WARN_NON_LITERAL_NULL_CONVERSION = YES;
				CLANG_WARN_OBJC_IMPLICIT_RETAIN_SELF = YES;
				CLANG_WARN_OBJC_LITERAL_CONVERSION = YES;
				CLANG_WARN_OBJC_ROOT_CLASS = YES_ERROR;
				CLANG_WARN_QUOTED_INCLUDE_IN_FRAMEWORK_HEADER = YES;
				CLANG_WARN_RANGE_LOOP_ANALYSIS = YES;
				CLANG_WARN_STRICT_PROTOTYPES = YES;
				CLANG_WARN_SUSPICIOUS_MOVE = YES;
				CLANG_WARN_UNGUARDED_AVAILABILITY = YES_AGGRESSIVE;
				CLANG_WARN_UNREACHABLE_CODE = YES;
				CLANG_WARN__DUPLICATE_METHOD_MATCH = YES;
				COPY_PHASE_STRIP = NO;
				DEBUG_INFORMATION_FORMAT = dwarf;
				ENABLE_STRICT_OBJC_MSGSEND = YES;
				ENABLE_TESTABILITY = YES;
				GCC_C_LANGUAGE_STANDARD = gnu11;
				GCC_DYNAMIC_NO_PIC = NO;
				GCC_NO_COMMON_BLOCKS = YES;
				GCC_OPTIMIZATION_LEVEL = 0;
				GCC_PREPROCESSOR_DEFINITIONS = (
					"DEBUG=1",
					"$(inherited)",
				);
				GCC_WARN_64_TO_32_BIT_CONVERSION = YES;
				GCC_WARN_ABOUT_RETURN_TYPE = YES_ERROR;
				GCC_WARN_UNDECLARED_SELECTOR = YES;
				GCC_WARN_UNINITIALIZED_AUTOS = YES_AGGRESSIVE;
				GCC_WARN_UNUSED_FUNCTION = YES;
				GCC_WARN_UNUSED_VARIABLE = YES;
				IPHONEOS_DEPLOYMENT_TARGET = 16.2;
				MTL_ENABLE_DEBUG_INFO = INCLUDE_SOURCE;
				MTL_FAST_MATH = YES;
				ONLY_ACTIVE_ARCH = YES;
				SDKROOT = iphoneos;
				SWIFT_ACTIVE_COMPILATION_CONDITIONS = DEBUG;
				SWIFT_OPTIMIZATION_LEVEL = "-Onone";
			};
			name = Debug;
		};
		80E4328D29B35EC4006CEBEE /* Release */ = {
			isa = XCBuildConfiguration;
			buildSettings = {
				ALWAYS_SEARCH_USER_PATHS = NO;
				CLANG_ANALYZER_NONNULL = YES;
				CLANG_ANALYZER_NUMBER_OBJECT_CONVERSION = YES_AGGRESSIVE;
				CLANG_CXX_LANGUAGE_STANDARD = "gnu++20";
				CLANG_ENABLE_MODULES = YES;
				CLANG_ENABLE_OBJC_ARC = YES;
				CLANG_ENABLE_OBJC_WEAK = YES;
				CLANG_WARN_BLOCK_CAPTURE_AUTORELEASING = YES;
				CLANG_WARN_BOOL_CONVERSION = YES;
				CLANG_WARN_COMMA = YES;
				CLANG_WARN_CONSTANT_CONVERSION = YES;
				CLANG_WARN_DEPRECATED_OBJC_IMPLEMENTATIONS = YES;
				CLANG_WARN_DIRECT_OBJC_ISA_USAGE = YES_ERROR;
				CLANG_WARN_DOCUMENTATION_COMMENTS = YES;
				CLANG_WARN_EMPTY_BODY = YES;
				CLANG_WARN_ENUM_CONVERSION = YES;
				CLANG_WARN_INFINITE_RECURSION = YES;
				CLANG_WARN_INT_CONVERSION = YES;
				CLANG_WARN_NON_LITERAL_NULL_CONVERSION = YES;
				CLANG_WARN_OBJC_IMPLICIT_RETAIN_SELF = YES;
				CLANG_WARN_OBJC_LITERAL_CONVERSION = YES;
				CLANG_WARN_OBJC_ROOT_CLASS = YES_ERROR;
				CLANG_WARN_QUOTED_INCLUDE_IN_FRAMEWORK_HEADER = YES;
				CLANG_WARN_RANGE_LOOP_ANALYSIS = YES;
				CLANG_WARN_STRICT_PROTOTYPES = YES;
				CLANG_WARN_SUSPICIOUS_MOVE = YES;
				CLANG_WARN_UNGUARDED_AVAILABILITY = YES_AGGRESSIVE;
				CLANG_WARN_UNREACHABLE_CODE = YES;
				CLANG_WARN__DUPLICATE_METHOD_MATCH = YES;
				COPY_PHASE_STRIP = NO;
				DEBUG_INFORMATION_FORMAT = "dwarf-with-dsym";
				ENABLE_NS_ASSERTIONS = NO;
				ENABLE_STRICT_OBJC_MSGSEND = YES;
				GCC_C_LANGUAGE_STANDARD = gnu11;
				GCC_NO_COMMON_BLOCKS = YES;
				GCC_WARN_64_TO_32_BIT_CONVERSION = YES;
				GCC_WARN_ABOUT_RETURN_TYPE = YES_ERROR;
				GCC_WARN_UNDECLARED_SELECTOR = YES;
				GCC_WARN_UNINITIALIZED_AUTOS = YES_AGGRESSIVE;
				GCC_WARN_UNUSED_FUNCTION = YES;
				GCC_WARN_UNUSED_VARIABLE = YES;
				IPHONEOS_DEPLOYMENT_TARGET = 16.2;
				MTL_ENABLE_DEBUG_INFO = NO;
				MTL_FAST_MATH = YES;
				SDKROOT = iphoneos;
				SWIFT_COMPILATION_MODE = wholemodule;
				SWIFT_OPTIMIZATION_LEVEL = "-O";
				VALIDATE_PRODUCT = YES;
			};
			name = Release;
		};
		80E4328F29B35EC4006CEBEE /* Debug */ = {
			isa = XCBuildConfiguration;
			buildSettings = {
				ASSETCATALOG_COMPILER_APPICON_NAME = AppIcon;
				ASSETCATALOG_COMPILER_GLOBAL_ACCENT_COLOR_NAME = AccentColor;
				CODE_SIGN_STYLE = Automatic;
				CURRENT_PROJECT_VERSION = 1;
				DEVELOPMENT_TEAM = 47S9Q57UGQ;
				GENERATE_INFOPLIST_FILE = YES;
				INFOPLIST_FILE = NewsApp/Info.plist;
				INFOPLIST_KEY_CFBundleDisplayName = "Новости";
				INFOPLIST_KEY_UIApplicationSupportsIndirectInputEvents = YES;
				INFOPLIST_KEY_UILaunchStoryboardName = LaunchScreen;
				INFOPLIST_KEY_UISupportedInterfaceOrientations_iPad = "UIInterfaceOrientationPortrait UIInterfaceOrientationPortraitUpsideDown UIInterfaceOrientationLandscapeLeft UIInterfaceOrientationLandscapeRight";
				INFOPLIST_KEY_UISupportedInterfaceOrientations_iPhone = "UIInterfaceOrientationPortrait UIInterfaceOrientationLandscapeLeft UIInterfaceOrientationLandscapeRight";
				IPHONEOS_DEPLOYMENT_TARGET = 13.0;
				LD_RUNPATH_SEARCH_PATHS = (
					"$(inherited)",
					"@executable_path/Frameworks",
				);
				MARKETING_VERSION = 1.0;
				PRODUCT_BUNDLE_IDENTIFIER = "com.L-software.NewsApp";
				PRODUCT_NAME = "$(TARGET_NAME)";
				SWIFT_EMIT_LOC_STRINGS = YES;
				SWIFT_VERSION = 5.0;
				TARGETED_DEVICE_FAMILY = "1,2";
			};
			name = Debug;
		};
		80E4329029B35EC4006CEBEE /* Release */ = {
			isa = XCBuildConfiguration;
			buildSettings = {
				ASSETCATALOG_COMPILER_APPICON_NAME = AppIcon;
				ASSETCATALOG_COMPILER_GLOBAL_ACCENT_COLOR_NAME = AccentColor;
				CODE_SIGN_STYLE = Automatic;
				CURRENT_PROJECT_VERSION = 1;
				DEVELOPMENT_TEAM = 47S9Q57UGQ;
				GENERATE_INFOPLIST_FILE = YES;
				INFOPLIST_FILE = NewsApp/Info.plist;
				INFOPLIST_KEY_CFBundleDisplayName = "Новости";
				INFOPLIST_KEY_UIApplicationSupportsIndirectInputEvents = YES;
				INFOPLIST_KEY_UILaunchStoryboardName = LaunchScreen;
				INFOPLIST_KEY_UISupportedInterfaceOrientations_iPad = "UIInterfaceOrientationPortrait UIInterfaceOrientationPortraitUpsideDown UIInterfaceOrientationLandscapeLeft UIInterfaceOrientationLandscapeRight";
				INFOPLIST_KEY_UISupportedInterfaceOrientations_iPhone = "UIInterfaceOrientationPortrait UIInterfaceOrientationLandscapeLeft UIInterfaceOrientationLandscapeRight";
				IPHONEOS_DEPLOYMENT_TARGET = 13.0;
				LD_RUNPATH_SEARCH_PATHS = (
					"$(inherited)",
					"@executable_path/Frameworks",
				);
				MARKETING_VERSION = 1.0;
				PRODUCT_BUNDLE_IDENTIFIER = "com.L-software.NewsApp";
				PRODUCT_NAME = "$(TARGET_NAME)";
				SWIFT_EMIT_LOC_STRINGS = YES;
				SWIFT_VERSION = 5.0;
				TARGETED_DEVICE_FAMILY = "1,2";
			};
			name = Release;
		};
/* End XCBuildConfiguration section */

/* Begin XCConfigurationList section */
		80E4327229B35EC2006CEBEE /* Build configuration list for PBXProject "NewsApp" */ = {
			isa = XCConfigurationList;
			buildConfigurations = (
				80E4328C29B35EC4006CEBEE /* Debug */,
				80E4328D29B35EC4006CEBEE /* Release */,
			);
			defaultConfigurationIsVisible = 0;
			defaultConfigurationName = Release;
		};
		80E4328E29B35EC4006CEBEE /* Build configuration list for PBXNativeTarget "NewsApp" */ = {
			isa = XCConfigurationList;
			buildConfigurations = (
				80E4328F29B35EC4006CEBEE /* Debug */,
				80E4329029B35EC4006CEBEE /* Release */,
			);
			defaultConfigurationIsVisible = 0;
			defaultConfigurationName = Release;
		};
/* End XCConfigurationList section */

/* Begin XCRemoteSwiftPackageReference section */
		80E432A329B37F6D006CEBEE /* XCRemoteSwiftPackageReference "SnapKit" */ = {
			isa = XCRemoteSwiftPackageReference;
			repositoryURL = "https://github.com/SnapKit/SnapKit";
			requirement = {
				branch = develop;
				kind = branch;
			};
		};
/* End XCRemoteSwiftPackageReference section */

/* Begin XCSwiftPackageProductDependency section */
		80E432A429B37F6D006CEBEE /* SnapKit */ = {
			isa = XCSwiftPackageProductDependency;
			package = 80E432A329B37F6D006CEBEE /* XCRemoteSwiftPackageReference "SnapKit" */;
			productName = SnapKit;
		};
/* End XCSwiftPackageProductDependency section */

/* Begin XCVersionGroup section */
		80E4328329B35EC2006CEBEE /* NewsApp.xcdatamodeld */ = {
			isa = XCVersionGroup;
			children = (
				80E4328429B35EC2006CEBEE /* NewsApp.xcdatamodel */,
			);
			currentVersion = 80E4328429B35EC2006CEBEE /* NewsApp.xcdatamodel */;
			path = NewsApp.xcdatamodeld;
			sourceTree = "<group>";
			versionGroupType = wrapper.xcdatamodel;
		};
/* End XCVersionGroup section */
	};
	rootObject = 80E4326F29B35EC2006CEBEE /* Project object */;
}
